github.com/go-chi/chi/v5 v5.0.4 h1:5e494iHzsYBiyXQAHHuI4tyJS9M3V84OuX3ufIIGHFo=
github.com/go-chi/chi/v5 v5.0.4/go.mod h1:DslCQbL2OYiznFReuXYUmQ2hGd1aDpCnlMNITLSKoi8=
github.com/thinksystemio/package-response v0.0.0-20211006040923-b4c8e6d3a490 h1:97zeuaq4rrsGhY7B896d29afmjf2Ltt6yogLPpoqu7Q=
github.com/thinksystemio/package-response v0.0.0-20211006040923-b4c8e6d3a490/go.mod h1:QrM3WQfpa2b2lqTVarbOtDuLcDo17orzZH6R+f7sQAY=
